
Microsoft Visual Studio Solution File, Format Version 12.00
# Visual Studio Version 16
VisualStudioVersion = 16.0.31729.503
MinimumVisualStudioVersion = 10.0.40219.1
Project("{FAE04EC0-301F-11D3-BF4B-00C04F79EFBC}") = "SplashLoginRegistrationSystem", "SplashLoginRegistrationSystem\SplashLoginRegistrationSystem.csproj", "{7BC88F04-CC44-408D-9106-FD5EDCCEC5D9}"
EndProject
Global
	GlobalSection(SolutionConfigurationPlatforms) = preSolution
		Debug|Any CPU = Debug|Any CPU
		Release|Any CPU = Release|Any CPU
	EndGlobalSection
	GlobalSection(ProjectConfigurationPlatforms) = postSolution
		{7BC88F04-CC44-408D-9106-FD5EDCCEC5D9}.Debug|Any CPU.ActiveCfg = Debug|Any CPU
		{7BC88F04-CC44-408D-9106-FD5EDCCEC5D9}.Debug|Any CPU.Build.0 = Debug|Any CPU
		{7BC88F04-CC44-408D-9106-FD5EDCCEC5D9}.Release|Any CPU.ActiveCfg = Release|Any CPU
		{7BC88F04-CC44-408D-9106-FD5EDCCEC5D9}.Release|Any CPU.Build.0 = Release|Any CPU
	EndGlobalSection
	GlobalSection(SolutionProperties) = preSolution
		HideSolutionNode = FALSE
	EndGlobalSection
	GlobalSection(ExtensibilityGlobals) = postSolution
		SolutionGuid = {3F0B28FD-023A-4F19-A715-2D40102FFEDB}
	EndGlobalSection
EndGlobal
